
Microsoft Visual Studio Solution File, Format Version 12.00
# Visual Studio Version 17
VisualStudioVersion = 17.11.35208.52
MinimumVisualStudioVersion = 10.0.40219.1
Project("{FAE04EC0-301F-11D3-BF4B-00C04F79EFBC}") = "TestAPI0924", "TestAPI0924\TestAPI0924.csproj", "{B752C198-89A6-4B03-A4B9-D8E2C2F5DFD4}"
EndProject
Global
	GlobalSection(SolutionConfigurationPlatforms) = preSolution
		Debug|Any CPU = Debug|Any CPU
		Release|Any CPU = Release|Any CPU
	EndGlobalSection
	GlobalSection(ProjectConfigurationPlatforms) = postSolution
		{B752C198-89A6-4B03-A4B9-D8E2C2F5DFD4}.Debug|Any CPU.ActiveCfg = Debug|Any CPU
		{B752C198-89A6-4B03-A4B9-D8E2C2F5DFD4}.Debug|Any CPU.Build.0 = Debug|Any CPU
		{B752C198-89A6-4B03-A4B9-D8E2C2F5DFD4}.Release|Any CPU.ActiveCfg = Release|Any CPU
		{B752C198-89A6-4B03-A4B9-D8E2C2F5DFD4}.Release|Any CPU.Build.0 = Release|Any CPU
	EndGlobalSection
	GlobalSection(SolutionProperties) = preSolution
		HideSolutionNode = FALSE
	EndGlobalSection
	GlobalSection(ExtensibilityGlobals) = postSolution
		SolutionGuid = {CCA4DC2F-C2B3-4E93-A304-8377A2990CCF}
	EndGlobalSection
EndGlobal
